
Microsoft Visual Studio Solution File, Format Version 12.00
# Visual Studio Version 17
VisualStudioVersion = 17.9.34607.119
MinimumVisualStudioVersion = 10.0.40219.1
Project("{9A19103F-16F7-4668-BE54-9A1E7A4F7556}") = "beverageHelper", "beverageHelper\beverageHelper.csproj", "{30226D5B-499F-4679-B329-A2C463FD5543}"
EndProject
Project("{2150E333-8FDC-42A3-9474-1A3956D46DE8}") = "Core", "Core", "{6C2A5CAE-1F7E-4F94-B79C-8CDC53FE58E6}"
EndProject
Project("{2150E333-8FDC-42A3-9474-1A3956D46DE8}") = "Business", "Business", "{57A07BE1-ED0A-47AB-8A20-B91995CBF105}"
EndProject
Project("{2150E333-8FDC-42A3-9474-1A3956D46DE8}") = "Presentation", "Presentation", "{67743414-8189-497E-95A2-D1C873558E07}"
EndProject
Project("{2150E333-8FDC-42A3-9474-1A3956D46DE8}") = "Infrastructure", "Infrastructure", "{C6C01613-FEC1-4F1C-A788-C653EEEF3598}"
EndProject
Project("{FAE04EC0-301F-11D3-BF4B-00C04F79EFBC}") = "6282App.Infrastructure", "6282App\6282App.Infrastructure.csproj", "{26C453C8-7B8F-45C6-B25F-B9BD763D35F1}"
EndProject
Project("{FAE04EC0-301F-11D3-BF4B-00C04F79EFBC}") = "6262App.Business", "6262App.Busness\6262App.Business.csproj", "{EDE07768-4DFE-45B7-8430-6DE093134C11}"
EndProject
Project("{FAE04EC0-301F-11D3-BF4B-00C04F79EFBC}") = "6282App.core", "6282App.core\6282App.core.csproj", "{81692504-470B-4133-AE8A-B14998D42031}"
EndProject
Global
	GlobalSection(SolutionConfigurationPlatforms) = preSolution
		Debug|Any CPU = Debug|Any CPU
		Release|Any CPU = Release|Any CPU
	EndGlobalSection
	GlobalSection(ProjectConfigurationPlatforms) = postSolution
		{30226D5B-499F-4679-B329-A2C463FD5543}.Debug|Any CPU.ActiveCfg = Debug|Any CPU
		{30226D5B-499F-4679-B329-A2C463FD5543}.Debug|Any CPU.Build.0 = Debug|Any CPU
		{30226D5B-499F-4679-B329-A2C463FD5543}.Release|Any CPU.ActiveCfg = Release|Any CPU
		{30226D5B-499F-4679-B329-A2C463FD5543}.Release|Any CPU.Build.0 = Release|Any CPU
		{26C453C8-7B8F-45C6-B25F-B9BD763D35F1}.Debug|Any CPU.ActiveCfg = Debug|Any CPU
		{26C453C8-7B8F-45C6-B25F-B9BD763D35F1}.Debug|Any CPU.Build.0 = Debug|Any CPU
		{26C453C8-7B8F-45C6-B25F-B9BD763D35F1}.Release|Any CPU.ActiveCfg = Release|Any CPU
		{26C453C8-7B8F-45C6-B25F-B9BD763D35F1}.Release|Any CPU.Build.0 = Release|Any CPU
		{EDE07768-4DFE-45B7-8430-6DE093134C11}.Debug|Any CPU.ActiveCfg = Debug|Any CPU
		{EDE07768-4DFE-45B7-8430-6DE093134C11}.Debug|Any CPU.Build.0 = Debug|Any CPU
		{EDE07768-4DFE-45B7-8430-6DE093134C11}.Release|Any CPU.ActiveCfg = Release|Any CPU
		{EDE07768-4DFE-45B7-8430-6DE093134C11}.Release|Any CPU.Build.0 = Release|Any CPU
		{81692504-470B-4133-AE8A-B14998D42031}.Debug|Any CPU.ActiveCfg = Debug|Any CPU
		{81692504-470B-4133-AE8A-B14998D42031}.Debug|Any CPU.Build.0 = Debug|Any CPU
		{81692504-470B-4133-AE8A-B14998D42031}.Release|Any CPU.ActiveCfg = Release|Any CPU
		{81692504-470B-4133-AE8A-B14998D42031}.Release|Any CPU.Build.0 = Release|Any CPU
	EndGlobalSection
	GlobalSection(SolutionProperties) = preSolution
		HideSolutionNode = FALSE
	EndGlobalSection
	GlobalSection(NestedProjects) = preSolution
		{30226D5B-499F-4679-B329-A2C463FD5543} = {67743414-8189-497E-95A2-D1C873558E07}
		{26C453C8-7B8F-45C6-B25F-B9BD763D35F1} = {C6C01613-FEC1-4F1C-A788-C653EEEF3598}
		{EDE07768-4DFE-45B7-8430-6DE093134C11} = {57A07BE1-ED0A-47AB-8A20-B91995CBF105}
		{81692504-470B-4133-AE8A-B14998D42031} = {6C2A5CAE-1F7E-4F94-B79C-8CDC53FE58E6}
	EndGlobalSection
	GlobalSection(ExtensibilityGlobals) = postSolution
		SolutionGuid = {8DFCC66B-BF9A-4E72-9B44-6CD4E41B066B}
	EndGlobalSection
EndGlobal
